// !$*UTF8*$!
{
	archiveVersion = 1;
	classes = {
	};
	objectVersion = 56;
	objects = {

/* Begin PBXBuildFile section */
		CC23DE142C0601DC00EA89AF /* UITableViewCellProtocol.swift in Sources */ = {isa = PBXBuildFile; fileRef = CC23DE132C0601DC00EA89AF /* UITableViewCellProtocol.swift */; };
		CC23DE172C06C0ED00EA89AF /* Observable.swift in Sources */ = {isa = PBXBuildFile; fileRef = CC23DE162C06C0ED00EA89AF /* Observable.swift */; };
		CC23DE1A2C06C16F00EA89AF /* Observer.swift in Sources */ = {isa = PBXBuildFile; fileRef = CC23DE192C06C16F00EA89AF /* Observer.swift */; };
		CC23DE1C2C06C29200EA89AF /* DisposableBag.swift in Sources */ = {isa = PBXBuildFile; fileRef = CC23DE1B2C06C29200EA89AF /* DisposableBag.swift */; };
		CC23DE1E2C06C32A00EA89AF /* Subscription.swift in Sources */ = {isa = PBXBuildFile; fileRef = CC23DE1D2C06C32A00EA89AF /* Subscription.swift */; };
		CC23DE202C070EAC00EA89AF /* TravelInfoViewController.swift in Sources */ = {isa = PBXBuildFile; fileRef = CC23DE1F2C070EAC00EA89AF /* TravelInfoViewController.swift */; };
		CC5953242C0893B7000FF62F /* RestaurantMapViewController.swift in Sources */ = {isa = PBXBuildFile; fileRef = CC5953232C0893B7000FF62F /* RestaurantMapViewController.swift */; };
		CC5E4D132C0747A200FBA9E1 /* CityInfo.swift in Sources */ = {isa = PBXBuildFile; fileRef = CC5E4D122C0747A200FBA9E1 /* CityInfo.swift */; };
		CC5E4D182C074D1400FBA9E1 /* CityInfoTableViewCell.xib in Resources */ = {isa = PBXBuildFile; fileRef = CC5E4D172C074D1400FBA9E1 /* CityInfoTableViewCell.xib */; };
		CC5E4D192C074D1400FBA9E1 /* CityInfoTableViewCell.swift in Sources */ = {isa = PBXBuildFile; fileRef = CC5E4D162C074D1400FBA9E1 /* CityInfoTableViewCell.swift */; };
		CC5E4D1B2C07551B00FBA9E1 /* CityInfoViewController.swift in Sources */ = {isa = PBXBuildFile; fileRef = CC5E4D1A2C07551B00FBA9E1 /* CityInfoViewController.swift */; };
		CC6571B62C231EF700D9AF49 /* UIAlertController+Extension.swift in Sources */ = {isa = PBXBuildFile; fileRef = CC6571B52C231EF700D9AF49 /* UIAlertController+Extension.swift */; };
		CC9DEF192C02FC4500ECE8AC /* AppDelegate.swift in Sources */ = {isa = PBXBuildFile; fileRef = CC9DEF182C02FC4500ECE8AC /* AppDelegate.swift */; };
		CC9DEF1B2C02FC4500ECE8AC /* SceneDelegate.swift in Sources */ = {isa = PBXBuildFile; fileRef = CC9DEF1A2C02FC4500ECE8AC /* SceneDelegate.swift */; };
		CC9DEF1D2C02FC4500ECE8AC /* RestaurantSearchViewController.swift in Sources */ = {isa = PBXBuildFile; fileRef = CC9DEF1C2C02FC4500ECE8AC /* RestaurantSearchViewController.swift */; };
		CC9DEF202C02FC4500ECE8AC /* Base in Resources */ = {isa = PBXBuildFile; fileRef = CC9DEF1F2C02FC4500ECE8AC /* Base */; };
		CC9DEF222C02FC4600ECE8AC /* Assets.xcassets in Resources */ = {isa = PBXBuildFile; fileRef = CC9DEF212C02FC4600ECE8AC /* Assets.xcassets */; };
		CC9DEF252C02FC4600ECE8AC /* Base in Resources */ = {isa = PBXBuildFile; fileRef = CC9DEF242C02FC4600ECE8AC /* Base */; };
		CC9DEF2E2C02FCCF00ECE8AC /* MagazineInfo.swift in Sources */ = {isa = PBXBuildFile; fileRef = CC9DEF2D2C02FCCF00ECE8AC /* MagazineInfo.swift */; };
		CC9DEF302C02FCE100ECE8AC /* Restaurant.swift in Sources */ = {isa = PBXBuildFile; fileRef = CC9DEF2F2C02FCE100ECE8AC /* Restaurant.swift */; };
		CC9DEF332C02FEFF00ECE8AC /* Kingfisher in Frameworks */ = {isa = PBXBuildFile; productRef = CC9DEF322C02FEFF00ECE8AC /* Kingfisher */; };
		CC9DEF362C02FFDF00ECE8AC /* TravelMagazineTableViewController.swift in Sources */ = {isa = PBXBuildFile; fileRef = CC9DEF352C02FFDF00ECE8AC /* TravelMagazineTableViewController.swift */; };
		CC9DEF382C0302FE00ECE8AC /* TravelMagazineTableViewCell.swift in Sources */ = {isa = PBXBuildFile; fileRef = CC9DEF372C0302FE00ECE8AC /* TravelMagazineTableViewCell.swift */; };
		CC9DEF3B2C03073A00ECE8AC /* String+Extension.swift in Sources */ = {isa = PBXBuildFile; fileRef = CC9DEF3A2C03073A00ECE8AC /* String+Extension.swift */; };
		CC9DEF402C03261900ECE8AC /* RestaurantTableViewCell.swift in Sources */ = {isa = PBXBuildFile; fileRef = CC9DEF3F2C03261900ECE8AC /* RestaurantTableViewCell.swift */; };
		CC9DEF442C03399800ECE8AC /* RestaurantViewModel.swift in Sources */ = {isa = PBXBuildFile; fileRef = CC9DEF432C03399800ECE8AC /* RestaurantViewModel.swift */; };
		CC9DEF472C0381A100ECE8AC /* Notification.Name+Extension.swift in Sources */ = {isa = PBXBuildFile; fileRef = CC9DEF462C0381A100ECE8AC /* Notification.Name+Extension.swift */; };
		CC9DEF492C03970800ECE8AC /* RestaurantService.swift in Sources */ = {isa = PBXBuildFile; fileRef = CC9DEF482C03970800ECE8AC /* RestaurantService.swift */; };
		CCA6887F2C04734200DAB954 /* CityDetailTableViewCell.swift in Sources */ = {isa = PBXBuildFile; fileRef = CCA6887D2C04734200DAB954 /* CityDetailTableViewCell.swift */; };
		CCA688802C04734200DAB954 /* CityDetailTableViewCell.xib in Resources */ = {isa = PBXBuildFile; fileRef = CCA6887E2C04734200DAB954 /* CityDetailTableViewCell.xib */; };
		CCA688892C04888A00DAB954 /* TravelDetailCellProtocol.swift in Sources */ = {isa = PBXBuildFile; fileRef = CCA688882C04888A00DAB954 /* TravelDetailCellProtocol.swift */; };
		CCA6888C2C0489FD00DAB954 /* ADTableViewCell.swift in Sources */ = {isa = PBXBuildFile; fileRef = CCA6888A2C0489FD00DAB954 /* ADTableViewCell.swift */; };
		CCA6888D2C0489FD00DAB954 /* ADTableViewCell.xib in Resources */ = {isa = PBXBuildFile; fileRef = CCA6888B2C0489FD00DAB954 /* ADTableViewCell.xib */; };
		CCCBE5792C046331007F6D76 /* TravelModel.swift in Sources */ = {isa = PBXBuildFile; fileRef = CCCBE5782C046331007F6D76 /* TravelModel.swift */; };
		CCDEB14A2C0462BE009DB2A6 /* CityDetailViewController.swift in Sources */ = {isa = PBXBuildFile; fileRef = CCDEB1492C0462BE009DB2A6 /* CityDetailViewController.swift */; };
		CCF69A0D2C07237E0052773D /* ADInfoViewController.swift in Sources */ = {isa = PBXBuildFile; fileRef = CCF69A0C2C07237E0052773D /* ADInfoViewController.swift */; };
		CCF69A0F2C0723D30052773D /* UIViewControllerProtocol.swift in Sources */ = {isa = PBXBuildFile; fileRef = CCF69A0E2C0723D30052773D /* UIViewControllerProtocol.swift */; };
/* End PBXBuildFile section */

/* Begin PBXFileReference section */
		CC23DE132C0601DC00EA89AF /* UITableViewCellProtocol.swift */ = {isa = PBXFileReference; lastKnownFileType = sourcecode.swift; path = UITableViewCellProtocol.swift; sourceTree = "<group>"; };
		CC23DE162C06C0ED00EA89AF /* Observable.swift */ = {isa = PBXFileReference; lastKnownFileType = sourcecode.swift; path = Observable.swift; sourceTree = "<group>"; };
		CC23DE192C06C16F00EA89AF /* Observer.swift */ = {isa = PBXFileReference; lastKnownFileType = sourcecode.swift; path = Observer.swift; sourceTree = "<group>"; };
		CC23DE1B2C06C29200EA89AF /* DisposableBag.swift */ = {isa = PBXFileReference; lastKnownFileType = sourcecode.swift; path = DisposableBag.swift; sourceTree = "<group>"; };
		CC23DE1D2C06C32A00EA89AF /* Subscription.swift */ = {isa = PBXFileReference; lastKnownFileType = sourcecode.swift; path = Subscription.swift; sourceTree = "<group>"; };
		CC23DE1F2C070EAC00EA89AF /* TravelInfoViewController.swift */ = {isa = PBXFileReference; lastKnownFileType = sourcecode.swift; path = TravelInfoViewController.swift; sourceTree = "<group>"; };
		CC5953232C0893B7000FF62F /* RestaurantMapViewController.swift */ = {isa = PBXFileReference; lastKnownFileType = sourcecode.swift; path = RestaurantMapViewController.swift; sourceTree = "<group>"; };
		CC5E4D122C0747A200FBA9E1 /* CityInfo.swift */ = {isa = PBXFileReference; lastKnownFileType = sourcecode.swift; path = CityInfo.swift; sourceTree = "<group>"; };
		CC5E4D162C074D1400FBA9E1 /* CityInfoTableViewCell.swift */ = {isa = PBXFileReference; lastKnownFileType = sourcecode.swift; path = CityInfoTableViewCell.swift; sourceTree = "<group>"; };
		CC5E4D172C074D1400FBA9E1 /* CityInfoTableViewCell.xib */ = {isa = PBXFileReference; lastKnownFileType = file.xib; path = CityInfoTableViewCell.xib; sourceTree = "<group>"; };
		CC5E4D1A2C07551B00FBA9E1 /* CityInfoViewController.swift */ = {isa = PBXFileReference; lastKnownFileType = sourcecode.swift; path = CityInfoViewController.swift; sourceTree = "<group>"; };
		CC6571B52C231EF700D9AF49 /* UIAlertController+Extension.swift */ = {isa = PBXFileReference; lastKnownFileType = sourcecode.swift; path = "UIAlertController+Extension.swift"; sourceTree = "<group>"; };
		CC9DEF152C02FC4500ECE8AC /* Sesac_Travel.app */ = {isa = PBXFileReference; explicitFileType = wrapper.application; includeInIndex = 0; path = Sesac_Travel.app; sourceTree = BUILT_PRODUCTS_DIR; };
		CC9DEF182C02FC4500ECE8AC /* AppDelegate.swift */ = {isa = PBXFileReference; lastKnownFileType = sourcecode.swift; path = AppDelegate.swift; sourceTree = "<group>"; };
		CC9DEF1A2C02FC4500ECE8AC /* SceneDelegate.swift */ = {isa = PBXFileReference; lastKnownFileType = sourcecode.swift; path = SceneDelegate.swift; sourceTree = "<group>"; };
		CC9DEF1C2C02FC4500ECE8AC /* RestaurantSearchViewController.swift */ = {isa = PBXFileReference; lastKnownFileType = sourcecode.swift; path = RestaurantSearchViewController.swift; sourceTree = "<group>"; };
		CC9DEF1F2C02FC4500ECE8AC /* Base */ = {isa = PBXFileReference; lastKnownFileType = file.storyboard; name = Base; path = Base.lproj/Main.storyboard; sourceTree = "<group>"; };
		CC9DEF212C02FC4600ECE8AC /* Assets.xcassets */ = {isa = PBXFileReference; lastKnownFileType = folder.assetcatalog; path = Assets.xcassets; sourceTree = "<group>"; };
		CC9DEF242C02FC4600ECE8AC /* Base */ = {isa = PBXFileReference; lastKnownFileType = file.storyboard; name = Base; path = Base.lproj/LaunchScreen.storyboard; sourceTree = "<group>"; };
		CC9DEF262C02FC4600ECE8AC /* Info.plist */ = {isa = PBXFileReference; lastKnownFileType = text.plist.xml; path = Info.plist; sourceTree = "<group>"; };
		CC9DEF2D2C02FCCF00ECE8AC /* MagazineInfo.swift */ = {isa = PBXFileReference; lastKnownFileType = sourcecode.swift; path = MagazineInfo.swift; sourceTree = "<group>"; };
		CC9DEF2F2C02FCE100ECE8AC /* Restaurant.swift */ = {isa = PBXFileReference; lastKnownFileType = sourcecode.swift; path = Restaurant.swift; sourceTree = "<group>"; };
		CC9DEF352C02FFDF00ECE8AC /* TravelMagazineTableViewController.swift */ = {isa = PBXFileReference; lastKnownFileType = sourcecode.swift; path = TravelMagazineTableViewController.swift; sourceTree = "<group>"; };
		CC9DEF372C0302FE00ECE8AC /* TravelMagazineTableViewCell.swift */ = {isa = PBXFileReference; lastKnownFileType = sourcecode.swift; path = TravelMagazineTableViewCell.swift; sourceTree = "<group>"; };
		CC9DEF3A2C03073A00ECE8AC /* String+Extension.swift */ = {isa = PBXFileReference; lastKnownFileType = sourcecode.swift; path = "String+Extension.swift"; sourceTree = "<group>"; };
		CC9DEF3F2C03261900ECE8AC /* RestaurantTableViewCell.swift */ = {isa = PBXFileReference; lastKnownFileType = sourcecode.swift; path = RestaurantTableViewCell.swift; sourceTree = "<group>"; };
		CC9DEF432C03399800ECE8AC /* RestaurantViewModel.swift */ = {isa = PBXFileReference; lastKnownFileType = sourcecode.swift; path = RestaurantViewModel.swift; sourceTree = "<group>"; };
		CC9DEF462C0381A100ECE8AC /* Notification.Name+Extension.swift */ = {isa = PBXFileReference; lastKnownFileType = sourcecode.swift; path = "Notification.Name+Extension.swift"; sourceTree = "<group>"; };
		CC9DEF482C03970800ECE8AC /* RestaurantService.swift */ = {isa = PBXFileReference; lastKnownFileType = sourcecode.swift; path = RestaurantService.swift; sourceTree = "<group>"; };
		CCA6887D2C04734200DAB954 /* CityDetailTableViewCell.swift */ = {isa = PBXFileReference; lastKnownFileType = sourcecode.swift; path = CityDetailTableViewCell.swift; sourceTree = "<group>"; };
		CCA6887E2C04734200DAB954 /* CityDetailTableViewCell.xib */ = {isa = PBXFileReference; lastKnownFileType = file.xib; path = CityDetailTableViewCell.xib; sourceTree = "<group>"; };
		CCA688882C04888A00DAB954 /* TravelDetailCellProtocol.swift */ = {isa = PBXFileReference; lastKnownFileType = sourcecode.swift; path = TravelDetailCellProtocol.swift; sourceTree = "<group>"; };
		CCA6888A2C0489FD00DAB954 /* ADTableViewCell.swift */ = {isa = PBXFileReference; lastKnownFileType = sourcecode.swift; path = ADTableViewCell.swift; sourceTree = "<group>"; };
		CCA6888B2C0489FD00DAB954 /* ADTableViewCell.xib */ = {isa = PBXFileReference; lastKnownFileType = file.xib; path = ADTableViewCell.xib; sourceTree = "<group>"; };
		CCCBE5782C046331007F6D76 /* TravelModel.swift */ = {isa = PBXFileReference; lastKnownFileType = sourcecode.swift; path = TravelModel.swift; sourceTree = "<group>"; };
		CCDEB1492C0462BE009DB2A6 /* CityDetailViewController.swift */ = {isa = PBXFileReference; lastKnownFileType = sourcecode.swift; path = CityDetailViewController.swift; sourceTree = "<group>"; };
		CCF69A0C2C07237E0052773D /* ADInfoViewController.swift */ = {isa = PBXFileReference; lastKnownFileType = sourcecode.swift; path = ADInfoViewController.swift; sourceTree = "<group>"; };
		CCF69A0E2C0723D30052773D /* UIViewControllerProtocol.swift */ = {isa = PBXFileReference; lastKnownFileType = sourcecode.swift; path = UIViewControllerProtocol.swift; sourceTree = "<group>"; };
/* End PBXFileReference section */

/* Begin PBXFrameworksBuildPhase section */
		CC9DEF122C02FC4500ECE8AC /* Frameworks */ = {
			isa = PBXFrameworksBuildPhase;
			buildActionMask = 2147483647;
			files = (
				CC9DEF332C02FEFF00ECE8AC /* Kingfisher in Frameworks */,
			);
			runOnlyForDeploymentPostprocessing = 0;
		};
/* End PBXFrameworksBuildPhase section */

/* Begin PBXGroup section */
		CC23DE122C0601C900EA89AF /* Protocol */ = {
			isa = PBXGroup;
			children = (
				CCF69A0E2C0723D30052773D /* UIViewControllerProtocol.swift */,
				CC23DE132C0601DC00EA89AF /* UITableViewCellProtocol.swift */,
			);
			path = Protocol;
			sourceTree = "<group>";
		};
		CC23DE152C06C0C300EA89AF /* CustomObservable */ = {
			isa = PBXGroup;
			children = (
				CC23DE162C06C0ED00EA89AF /* Observable.swift */,
				CC23DE192C06C16F00EA89AF /* Observer.swift */,
				CC23DE1B2C06C29200EA89AF /* DisposableBag.swift */,
				CC23DE1D2C06C32A00EA89AF /* Subscription.swift */,
			);
			path = CustomObservable;
			sourceTree = "<group>";
		};
		CC9DEF0C2C02FC4500ECE8AC = {
			isa = PBXGroup;
			children = (
				CC9DEF172C02FC4500ECE8AC /* Sesac_Travel */,
				CC9DEF162C02FC4500ECE8AC /* Products */,
			);
			sourceTree = "<group>";
		};
		CC9DEF162C02FC4500ECE8AC /* Products */ = {
			isa = PBXGroup;
			children = (
				CC9DEF152C02FC4500ECE8AC /* Sesac_Travel.app */,
			);
			name = Products;
			sourceTree = "<group>";
		};
		CC9DEF172C02FC4500ECE8AC /* Sesac_Travel */ = {
			isa = PBXGroup;
			children = (
				CC23DE152C06C0C300EA89AF /* CustomObservable */,
				CC23DE122C0601C900EA89AF /* Protocol */,
				CC9DEF392C03072400ECE8AC /* Extension */,
				CC9DEF342C02FFA800ECE8AC /* Screen */,
				CC9DEF2C2C02FCB700ECE8AC /* Model */,
				CC9DEF182C02FC4500ECE8AC /* AppDelegate.swift */,
				CC9DEF1A2C02FC4500ECE8AC /* SceneDelegate.swift */,
				CC9DEF212C02FC4600ECE8AC /* Assets.xcassets */,
				CC9DEF232C02FC4600ECE8AC /* LaunchScreen.storyboard */,
				CC9DEF262C02FC4600ECE8AC /* Info.plist */,
			);
			path = Sesac_Travel;
			sourceTree = "<group>";
		};
		CC9DEF2C2C02FCB700ECE8AC /* Model */ = {
			isa = PBXGroup;
			children = (
				CC9DEF422C03397400ECE8AC /* TravelMagazine */,
				CC9DEF412C03396900ECE8AC /* Restaurant */,
			);
			path = Model;
			sourceTree = "<group>";
		};
		CC9DEF342C02FFA800ECE8AC /* Screen */ = {
			isa = PBXGroup;
			children = (
				CC9DEF3D2C031CC500ECE8AC /* RestaurantScreen */,
				CC9DEF3C2C031CB200ECE8AC /* TravelMagazineScreen */,
				CC9DEF1E2C02FC4500ECE8AC /* Main.storyboard */,
			);
			path = Screen;
			sourceTree = "<group>";
		};
		CC9DEF392C03072400ECE8AC /* Extension */ = {
			isa = PBXGroup;
			children = (
				CC9DEF3A2C03073A00ECE8AC /* String+Extension.swift */,
				CC9DEF462C0381A100ECE8AC /* Notification.Name+Extension.swift */,
				CC6571B52C231EF700D9AF49 /* UIAlertController+Extension.swift */,
			);
			path = Extension;
			sourceTree = "<group>";
		};
		CC9DEF3C2C031CB200ECE8AC /* TravelMagazineScreen */ = {
			isa = PBXGroup;
			children = (
				CCF57C792C07465D00486D64 /* ViewControllers */,
				CCA6887A2C0472B800DAB954 /* TableViewCells */,
			);
			path = TravelMagazineScreen;
			sourceTree = "<group>";
		};
		CC9DEF3D2C031CC500ECE8AC /* RestaurantScreen */ = {
			isa = PBXGroup;
			children = (
				CC9DEF1C2C02FC4500ECE8AC /* RestaurantSearchViewController.swift */,
				CC9DEF3F2C03261900ECE8AC /* RestaurantTableViewCell.swift */,
			);
			path = RestaurantScreen;
			sourceTree = "<group>";
		};
		CC9DEF412C03396900ECE8AC /* Restaurant */ = {
			isa = PBXGroup;
			children = (
				CC9DEF2F2C02FCE100ECE8AC /* Restaurant.swift */,
				CC9DEF432C03399800ECE8AC /* RestaurantViewModel.swift */,
				CC9DEF482C03970800ECE8AC /* RestaurantService.swift */,
			);
			path = Restaurant;
			sourceTree = "<group>";
		};
		CC9DEF422C03397400ECE8AC /* TravelMagazine */ = {
			isa = PBXGroup;
			children = (
				CC9DEF2D2C02FCCF00ECE8AC /* MagazineInfo.swift */,
				CCCBE5782C046331007F6D76 /* TravelModel.swift */,
				CC5E4D122C0747A200FBA9E1 /* CityInfo.swift */,
			);
			path = TravelMagazine;
			sourceTree = "<group>";
		};
		CCA6887A2C0472B800DAB954 /* TableViewCells */ = {
			isa = PBXGroup;
			children = (
				CCA688852C0485A600DAB954 /* TravelDetail */,
				CC9DEF372C0302FE00ECE8AC /* TravelMagazineTableViewCell.swift */,
				CC5E4D162C074D1400FBA9E1 /* CityInfoTableViewCell.swift */,
				CC5E4D172C074D1400FBA9E1 /* CityInfoTableViewCell.xib */,
			);
			path = TableViewCells;
			sourceTree = "<group>";
		};
		CCA688852C0485A600DAB954 /* TravelDetail */ = {
			isa = PBXGroup;
			children = (
				CCA688882C04888A00DAB954 /* TravelDetailCellProtocol.swift */,
				CCA6887D2C04734200DAB954 /* CityDetailTableViewCell.swift */,
				CCA6887E2C04734200DAB954 /* CityDetailTableViewCell.xib */,
				CCA6888A2C0489FD00DAB954 /* ADTableViewCell.swift */,
				CCA6888B2C0489FD00DAB954 /* ADTableViewCell.xib */,
			);
			path = TravelDetail;
			sourceTree = "<group>";
		};
		CCF57C792C07465D00486D64 /* ViewControllers */ = {
			isa = PBXGroup;
			children = (
				CC9DEF352C02FFDF00ECE8AC /* TravelMagazineTableViewController.swift */,
				CCDEB1492C0462BE009DB2A6 /* CityDetailViewController.swift */,
				CC23DE1F2C070EAC00EA89AF /* TravelInfoViewController.swift */,
				CCF69A0C2C07237E0052773D /* ADInfoViewController.swift */,
				CC5E4D1A2C07551B00FBA9E1 /* CityInfoViewController.swift */,
				CC5953232C0893B7000FF62F /* RestaurantMapViewController.swift */,
			);
			path = ViewControllers;
			sourceTree = "<group>";
		};
/* End PBXGroup section */

/* Begin PBXNativeTarget section */
		CC9DEF142C02FC4500ECE8AC /* Sesac_Travel */ = {
			isa = PBXNativeTarget;
			buildConfigurationList = CC9DEF292C02FC4600ECE8AC /* Build configuration list for PBXNativeTarget "Sesac_Travel" */;
			buildPhases = (
				CC9DEF112C02FC4500ECE8AC /* Sources */,
				CC9DEF122C02FC4500ECE8AC /* Frameworks */,
				CC9DEF132C02FC4500ECE8AC /* Resources */,
			);
			buildRules = (
			);
			dependencies = (
			);
			name = Sesac_Travel;
			packageProductDependencies = (
				CC9DEF322C02FEFF00ECE8AC /* Kingfisher */,
			);
			productName = Sesac_Travel;
			productReference = CC9DEF152C02FC4500ECE8AC /* Sesac_Travel.app */;
			productType = "com.apple.product-type.application";
		};
/* End PBXNativeTarget section */

/* Begin PBXProject section */
		CC9DEF0D2C02FC4500ECE8AC /* Project object */ = {
			isa = PBXProject;
			attributes = {
				BuildIndependentTargetsInParallel = 1;
				LastSwiftUpdateCheck = 1540;
				LastUpgradeCheck = 1540;
				TargetAttributes = {
					CC9DEF142C02FC4500ECE8AC = {
						CreatedOnToolsVersion = 15.4;
					};
				};
			};
			buildConfigurationList = CC9DEF102C02FC4500ECE8AC /* Build configuration list for PBXProject "Sesac_Travel" */;
			compatibilityVersion = "Xcode 14.0";
			developmentRegion = en;
			hasScannedForEncodings = 0;
			knownRegions = (
				en,
				Base,
			);
			mainGroup = CC9DEF0C2C02FC4500ECE8AC;
			packageReferences = (
				CC9DEF312C02FEFF00ECE8AC /* XCRemoteSwiftPackageReference "Kingfisher" */,
			);
			productRefGroup = CC9DEF162C02FC4500ECE8AC /* Products */;
			projectDirPath = "";
			projectRoot = "";
			targets = (
				CC9DEF142C02FC4500ECE8AC /* Sesac_Travel */,
			);
		};
/* End PBXProject section */

/* Begin PBXResourcesBuildPhase section */
		CC9DEF132C02FC4500ECE8AC /* Resources */ = {
			isa = PBXResourcesBuildPhase;
			buildActionMask = 2147483647;
			files = (
				CC5E4D182C074D1400FBA9E1 /* CityInfoTableViewCell.xib in Resources */,
				CC9DEF222C02FC4600ECE8AC /* Assets.xcassets in Resources */,
				CC9DEF252C02FC4600ECE8AC /* Base in Resources */,
				CC9DEF202C02FC4500ECE8AC /* Base in Resources */,
				CCA688802C04734200DAB954 /* CityDetailTableViewCell.xib in Resources */,
				CCA6888D2C0489FD00DAB954 /* ADTableViewCell.xib in Resources */,
			);
			runOnlyForDeploymentPostprocessing = 0;
		};
/* End PBXResourcesBuildPhase section */

/* Begin PBXSourcesBuildPhase section */
		CC9DEF112C02FC4500ECE8AC /* Sources */ = {
			isa = PBXSourcesBuildPhase;
			buildActionMask = 2147483647;
			files = (
				CC23DE172C06C0ED00EA89AF /* Observable.swift in Sources */,
				CC23DE1A2C06C16F00EA89AF /* Observer.swift in Sources */,
				CC9DEF3B2C03073A00ECE8AC /* String+Extension.swift in Sources */,
				CC5E4D1B2C07551B00FBA9E1 /* CityInfoViewController.swift in Sources */,
				CC9DEF302C02FCE100ECE8AC /* Restaurant.swift in Sources */,
				CC23DE1E2C06C32A00EA89AF /* Subscription.swift in Sources */,
				CC6571B62C231EF700D9AF49 /* UIAlertController+Extension.swift in Sources */,
				CCF69A0D2C07237E0052773D /* ADInfoViewController.swift in Sources */,
				CCA688892C04888A00DAB954 /* TravelDetailCellProtocol.swift in Sources */,
				CC9DEF472C0381A100ECE8AC /* Notification.Name+Extension.swift in Sources */,
				CC9DEF1D2C02FC4500ECE8AC /* RestaurantSearchViewController.swift in Sources */,
				CC9DEF492C03970800ECE8AC /* RestaurantService.swift in Sources */,
				CC5E4D132C0747A200FBA9E1 /* CityInfo.swift in Sources */,
				CC9DEF2E2C02FCCF00ECE8AC /* MagazineInfo.swift in Sources */,
				CC5953242C0893B7000FF62F /* RestaurantMapViewController.swift in Sources */,
				CC9DEF192C02FC4500ECE8AC /* AppDelegate.swift in Sources */,
				CCCBE5792C046331007F6D76 /* TravelModel.swift in Sources */,
				CC5E4D192C074D1400FBA9E1 /* CityInfoTableViewCell.swift in Sources */,
				CCA6888C2C0489FD00DAB954 /* ADTableViewCell.swift in Sources */,
				CC23DE202C070EAC00EA89AF /* TravelInfoViewController.swift in Sources */,
				CC9DEF1B2C02FC4500ECE8AC /* SceneDelegate.swift in Sources */,
				CC23DE1C2C06C29200EA89AF /* DisposableBag.swift in Sources */,
				CCDEB14A2C0462BE009DB2A6 /* CityDetailViewController.swift in Sources */,
				CC9DEF362C02FFDF00ECE8AC /* TravelMagazineTableViewController.swift in Sources */,
				CCF69A0F2C0723D30052773D /* UIViewControllerProtocol.swift in Sources */,
				CC23DE142C0601DC00EA89AF /* UITableViewCellProtocol.swift in Sources */,
				CC9DEF442C03399800ECE8AC /* RestaurantViewModel.swift in Sources */,
				CCA6887F2C04734200DAB954 /* CityDetailTableViewCell.swift in Sources */,
				CC9DEF402C03261900ECE8AC /* RestaurantTableViewCell.swift in Sources */,
				CC9DEF382C0302FE00ECE8AC /* TravelMagazineTableViewCell.swift in Sources */,
			);
			runOnlyForDeploymentPostprocessing = 0;
		};
/* End PBXSourcesBuildPhase section */

/* Begin PBXVariantGroup section */
		CC9DEF1E2C02FC4500ECE8AC /* Main.storyboard */ = {
			isa = PBXVariantGroup;
			children = (
				CC9DEF1F2C02FC4500ECE8AC /* Base */,
			);
			name = Main.storyboard;
			sourceTree = "<group>";
		};
		CC9DEF232C02FC4600ECE8AC /* LaunchScreen.storyboard */ = {
			isa = PBXVariantGroup;
			children = (
				CC9DEF242C02FC4600ECE8AC /* Base */,
			);
			name = LaunchScreen.storyboard;
			sourceTree = "<group>";
		};
/* End PBXVariantGroup section */

/* Begin XCBuildConfiguration section */
		CC9DEF272C02FC4600ECE8AC /* Debug */ = {
			isa = XCBuildConfiguration;
			buildSettings = {
				ALWAYS_SEARCH_USER_PATHS = NO;
				ASSETCATALOG_COMPILER_GENERATE_SWIFT_ASSET_SYMBOL_EXTENSIONS = YES;
				CLANG_ANALYZER_NONNULL = YES;
				CLANG_ANALYZER_NUMBER_OBJECT_CONVERSION = YES_AGGRESSIVE;
				CLANG_CXX_LANGUAGE_STANDARD = "gnu++20";
				CLANG_ENABLE_MODULES = YES;
				CLANG_ENABLE_OBJC_ARC = YES;
				CLANG_ENABLE_OBJC_WEAK = YES;
				CLANG_WARN_BLOCK_CAPTURE_AUTORELEASING = YES;
				CLANG_WARN_BOOL_CONVERSION = YES;
				CLANG_WARN_COMMA = YES;
				CLANG_WARN_CONSTANT_CONVERSION = YES;
				CLANG_WARN_DEPRECATED_OBJC_IMPLEMENTATIONS = YES;
				CLANG_WARN_DIRECT_OBJC_ISA_USAGE = YES_ERROR;
				CLANG_WARN_DOCUMENTATION_COMMENTS = YES;
				CLANG_WARN_EMPTY_BODY = YES;
				CLANG_WARN_ENUM_CONVERSION = YES;
				CLANG_WARN_INFINITE_RECURSION = YES;
				CLANG_WARN_INT_CONVERSION = YES;
				CLANG_WARN_NON_LITERAL_NULL_CONVERSION = YES;
				CLANG_WARN_OBJC_IMPLICIT_RETAIN_SELF = YES;
				CLANG_WARN_OBJC_LITERAL_CONVERSION = YES;
				CLANG_WARN_OBJC_ROOT_CLASS = YES_ERROR;
				CLANG_WARN_QUOTED_INCLUDE_IN_FRAMEWORK_HEADER = YES;
				CLANG_WARN_RANGE_LOOP_ANALYSIS = YES;
				CLANG_WARN_STRICT_PROTOTYPES = YES;
				CLANG_WARN_SUSPICIOUS_MOVE = YES;
				CLANG_WARN_UNGUARDED_AVAILABILITY = YES_AGGRESSIVE;
				CLANG_WARN_UNREACHABLE_CODE = YES;
				CLANG_WARN__DUPLICATE_METHOD_MATCH = YES;
				COPY_PHASE_STRIP = NO;
				DEBUG_INFORMATION_FORMAT = dwarf;
				ENABLE_STRICT_OBJC_MSGSEND = YES;
				ENABLE_TESTABILITY = YES;
				ENABLE_USER_SCRIPT_SANDBOXING = YES;
				GCC_C_LANGUAGE_STANDARD = gnu17;
				GCC_DYNAMIC_NO_PIC = NO;
				GCC_NO_COMMON_BLOCKS = YES;
				GCC_OPTIMIZATION_LEVEL = 0;
				GCC_PREPROCESSOR_DEFINITIONS = (
					"DEBUG=1",
					"$(inherited)",
				);
				GCC_WARN_64_TO_32_BIT_CONVERSION = YES;
				GCC_WARN_ABOUT_RETURN_TYPE = YES_ERROR;
				GCC_WARN_UNDECLARED_SELECTOR = YES;
				GCC_WARN_UNINITIALIZED_AUTOS = YES_AGGRESSIVE;
				GCC_WARN_UNUSED_FUNCTION = YES;
				GCC_WARN_UNUSED_VARIABLE = YES;
				IPHONEOS_DEPLOYMENT_TARGET = 17.5;
				LOCALIZATION_PREFERS_STRING_CATALOGS = YES;
				MTL_ENABLE_DEBUG_INFO = INCLUDE_SOURCE;
				MTL_FAST_MATH = YES;
				ONLY_ACTIVE_ARCH = YES;
				SDKROOT = iphoneos;
				SWIFT_ACTIVE_COMPILATION_CONDITIONS = "DEBUG $(inherited)";
				SWIFT_OPTIMIZATION_LEVEL = "-Onone";
			};
			name = Debug;
		};
		CC9DEF282C02FC4600ECE8AC /* Release */ = {
			isa = XCBuildConfiguration;
			buildSettings = {
				ALWAYS_SEARCH_USER_PATHS = NO;
				ASSETCATALOG_COMPILER_GENERATE_SWIFT_ASSET_SYMBOL_EXTENSIONS = YES;
				CLANG_ANALYZER_NONNULL = YES;
				CLANG_ANALYZER_NUMBER_OBJECT_CONVERSION = YES_AGGRESSIVE;
				CLANG_CXX_LANGUAGE_STANDARD = "gnu++20";
				CLANG_ENABLE_MODULES = YES;
				CLANG_ENABLE_OBJC_ARC = YES;
				CLANG_ENABLE_OBJC_WEAK = YES;
				CLANG_WARN_BLOCK_CAPTURE_AUTORELEASING = YES;
				CLANG_WARN_BOOL_CONVERSION = YES;
				CLANG_WARN_COMMA = YES;
				CLANG_WARN_CONSTANT_CONVERSION = YES;
				CLANG_WARN_DEPRECATED_OBJC_IMPLEMENTATIONS = YES;
				CLANG_WARN_DIRECT_OBJC_ISA_USAGE = YES_ERROR;
				CLANG_WARN_DOCUMENTATION_COMMENTS = YES;
				CLANG_WARN_EMPTY_BODY = YES;
				CLANG_WARN_ENUM_CONVERSION = YES;
				CLANG_WARN_INFINITE_RECURSION = YES;
				CLANG_WARN_INT_CONVERSION = YES;
				CLANG_WARN_NON_LITERAL_NULL_CONVERSION = YES;
				CLANG_WARN_OBJC_IMPLICIT_RETAIN_SELF = YES;
				CLANG_WARN_OBJC_LITERAL_CONVERSION = YES;
				CLANG_WARN_OBJC_ROOT_CLASS = YES_ERROR;
				CLANG_WARN_QUOTED_INCLUDE_IN_FRAMEWORK_HEADER = YES;
				CLANG_WARN_RANGE_LOOP_ANALYSIS = YES;
				CLANG_WARN_STRICT_PROTOTYPES = YES;
				CLANG_WARN_SUSPICIOUS_MOVE = YES;
				CLANG_WARN_UNGUARDED_AVAILABILITY = YES_AGGRESSIVE;
				CLANG_WARN_UNREACHABLE_CODE = YES;
				CLANG_WARN__DUPLICATE_METHOD_MATCH = YES;
				COPY_PHASE_STRIP = NO;
				DEBUG_INFORMATION_FORMAT = "dwarf-with-dsym";
				ENABLE_NS_ASSERTIONS = NO;
				ENABLE_STRICT_OBJC_MSGSEND = YES;
				ENABLE_USER_SCRIPT_SANDBOXING = YES;
				GCC_C_LANGUAGE_STANDARD = gnu17;
				GCC_NO_COMMON_BLOCKS = YES;
				GCC_WARN_64_TO_32_BIT_CONVERSION = YES;
				GCC_WARN_ABOUT_RETURN_TYPE = YES_ERROR;
				GCC_WARN_UNDECLARED_SELECTOR = YES;
				GCC_WARN_UNINITIALIZED_AUTOS = YES_AGGRESSIVE;
				GCC_WARN_UNUSED_FUNCTION = YES;
				GCC_WARN_UNUSED_VARIABLE = YES;
				IPHONEOS_DEPLOYMENT_TARGET = 17.5;
				LOCALIZATION_PREFERS_STRING_CATALOGS = YES;
				MTL_ENABLE_DEBUG_INFO = NO;
				MTL_FAST_MATH = YES;
				SDKROOT = iphoneos;
				SWIFT_COMPILATION_MODE = wholemodule;
				VALIDATE_PRODUCT = YES;
			};
			name = Release;
		};
		CC9DEF2A2C02FC4600ECE8AC /* Debug */ = {
			isa = XCBuildConfiguration;
			buildSettings = {
				ASSETCATALOG_COMPILER_APPICON_NAME = AppIcon;
				ASSETCATALOG_COMPILER_GLOBAL_ACCENT_COLOR_NAME = AccentColor;
				CODE_SIGN_STYLE = Automatic;
				CURRENT_PROJECT_VERSION = 1;
				DEVELOPMENT_TEAM = YWNQ4RZBTS;
				GENERATE_INFOPLIST_FILE = YES;
				INFOPLIST_FILE = Sesac_Travel/Info.plist;
				INFOPLIST_KEY_UIApplicationSupportsIndirectInputEvents = YES;
				INFOPLIST_KEY_UILaunchStoryboardName = LaunchScreen;
				INFOPLIST_KEY_UIMainStoryboardFile = Main;
				INFOPLIST_KEY_UISupportedInterfaceOrientations_iPad = "UIInterfaceOrientationPortrait UIInterfaceOrientationPortraitUpsideDown UIInterfaceOrientationLandscapeLeft UIInterfaceOrientationLandscapeRight";
				INFOPLIST_KEY_UISupportedInterfaceOrientations_iPhone = "UIInterfaceOrientationPortrait UIInterfaceOrientationLandscapeLeft UIInterfaceOrientationLandscapeRight";
				IPHONEOS_DEPLOYMENT_TARGET = 15.0;
				LD_RUNPATH_SEARCH_PATHS = (
					"$(inherited)",
					"@executable_path/Frameworks",
				);
				MARKETING_VERSION = 1.0;
				PRODUCT_BUNDLE_IDENTIFIER = "com.jinyoo.sesac.Sesac-Travel";
				PRODUCT_NAME = "$(TARGET_NAME)";
				SUPPORTED_PLATFORMS = "iphoneos iphonesimulator";
				SUPPORTS_MACCATALYST = NO;
				SUPPORTS_MAC_DESIGNED_FOR_IPHONE_IPAD = NO;
				SUPPORTS_XR_DESIGNED_FOR_IPHONE_IPAD = NO;
				SWIFT_EMIT_LOC_STRINGS = YES;
				SWIFT_VERSION = 5.0;
				TARGETED_DEVICE_FAMILY = 1;
			};
			name = Debug;
		};
		CC9DEF2B2C02FC4600ECE8AC /* Release */ = {
			isa = XCBuildConfiguration;
			buildSettings = {
				ASSETCATALOG_COMPILER_APPICON_NAME = AppIcon;
				ASSETCATALOG_COMPILER_GLOBAL_ACCENT_COLOR_NAME = AccentColor;
				CODE_SIGN_STYLE = Automatic;
				CURRENT_PROJECT_VERSION = 1;
				DEVELOPMENT_TEAM = YWNQ4RZBTS;
				GENERATE_INFOPLIST_FILE = YES;
				INFOPLIST_FILE = Sesac_Travel/Info.plist;
				INFOPLIST_KEY_UIApplicationSupportsIndirectInputEvents = YES;
				INFOPLIST_KEY_UILaunchStoryboardName = LaunchScreen;
				INFOPLIST_KEY_UIMainStoryboardFile = Main;
				INFOPLIST_KEY_UISupportedInterfaceOrientations_iPad = "UIInterfaceOrientationPortrait UIInterfaceOrientationPortraitUpsideDown UIInterfaceOrientationLandscapeLeft UIInterfaceOrientationLandscapeRight";
				INFOPLIST_KEY_UISupportedInterfaceOrientations_iPhone = "UIInterfaceOrientationPortrait UIInterfaceOrientationLandscapeLeft UIInterfaceOrientationLandscapeRight";
				IPHONEOS_DEPLOYMENT_TARGET = 15.0;
				LD_RUNPATH_SEARCH_PATHS = (
					"$(inherited)",
					"@executable_path/Frameworks",
				);
				MARKETING_VERSION = 1.0;
				PRODUCT_BUNDLE_IDENTIFIER = "com.jinyoo.sesac.Sesac-Travel";
				PRODUCT_NAME = "$(TARGET_NAME)";
				SUPPORTED_PLATFORMS = "iphoneos iphonesimulator";
				SUPPORTS_MACCATALYST = NO;
				SUPPORTS_MAC_DESIGNED_FOR_IPHONE_IPAD = NO;
				SUPPORTS_XR_DESIGNED_FOR_IPHONE_IPAD = NO;
				SWIFT_EMIT_LOC_STRINGS = YES;
				SWIFT_VERSION = 5.0;
				TARGETED_DEVICE_FAMILY = 1;
			};
			name = Release;
		};
/* End XCBuildConfiguration section */

/* Begin XCConfigurationList section */
		CC9DEF102C02FC4500ECE8AC /* Build configuration list for PBXProject "Sesac_Travel" */ = {
			isa = XCConfigurationList;
			buildConfigurations = (
				CC9DEF272C02FC4600ECE8AC /* Debug */,
				CC9DEF282C02FC4600ECE8AC /* Release */,
			);
			defaultConfigurationIsVisible = 0;
			defaultConfigurationName = Release;
		};
		CC9DEF292C02FC4600ECE8AC /* Build configuration list for PBXNativeTarget "Sesac_Travel" */ = {
			isa = XCConfigurationList;
			buildConfigurations = (
				CC9DEF2A2C02FC4600ECE8AC /* Debug */,
				CC9DEF2B2C02FC4600ECE8AC /* Release */,
			);
			defaultConfigurationIsVisible = 0;
			defaultConfigurationName = Release;
		};
/* End XCConfigurationList section */

/* Begin XCRemoteSwiftPackageReference section */
		CC9DEF312C02FEFF00ECE8AC /* XCRemoteSwiftPackageReference "Kingfisher" */ = {
			isa = XCRemoteSwiftPackageReference;
			repositoryURL = "https://github.com/onevcat/Kingfisher.git";
			requirement = {
				kind = upToNextMajorVersion;
				minimumVersion = 7.11.0;
			};
		};
/* End XCRemoteSwiftPackageReference section */

/* Begin XCSwiftPackageProductDependency section */
		CC9DEF322C02FEFF00ECE8AC /* Kingfisher */ = {
			isa = XCSwiftPackageProductDependency;
			package = CC9DEF312C02FEFF00ECE8AC /* XCRemoteSwiftPackageReference "Kingfisher" */;
			productName = Kingfisher;
		};
/* End XCSwiftPackageProductDependency section */
	};
	rootObject = CC9DEF0D2C02FC4500ECE8AC /* Project object */;
}
